
Microsoft Visual Studio Solution File, Format Version 12.00
# Visual Studio 2013
VisualStudioVersion = 12.0.31101.0
MinimumVisualStudioVersion = 10.0.40219.1
Project("{FAE04EC0-301F-11D3-BF4B-00C04F79EFBC}") = "SocialManager4", "SocialManager4\SocialManager4.csproj", "{B1E8D760-081F-4A6F-AA70-52DAA37ACD4C}"
EndProject
Project("{FAE04EC0-301F-11D3-BF4B-00C04F79EFBC}") = "SocialManager4.Tests", "SocialManager4.Tests\SocialManager4.Tests.csproj", "{B67000CF-E3F7-4B28-A10E-9FD97E0667C2}"
EndProject
Global
	GlobalSection(SolutionConfigurationPlatforms) = preSolution
		Debug|Any CPU = Debug|Any CPU
		Release|Any CPU = Release|Any CPU
	EndGlobalSection
	GlobalSection(ProjectConfigurationPlatforms) = postSolution
		{B1E8D760-081F-4A6F-AA70-52DAA37ACD4C}.Debug|Any CPU.ActiveCfg = Debug|Any CPU
		{B1E8D760-081F-4A6F-AA70-52DAA37ACD4C}.Debug|Any CPU.Build.0 = Debug|Any CPU
		{B1E8D760-081F-4A6F-AA70-52DAA37ACD4C}.Release|Any CPU.ActiveCfg = Release|Any CPU
		{B1E8D760-081F-4A6F-AA70-52DAA37ACD4C}.Release|Any CPU.Build.0 = Release|Any CPU
		{B67000CF-E3F7-4B28-A10E-9FD97E0667C2}.Debug|Any CPU.ActiveCfg = Debug|Any CPU
		{B67000CF-E3F7-4B28-A10E-9FD97E0667C2}.Debug|Any CPU.Build.0 = Debug|Any CPU
		{B67000CF-E3F7-4B28-A10E-9FD97E0667C2}.Release|Any CPU.ActiveCfg = Release|Any CPU
		{B67000CF-E3F7-4B28-A10E-9FD97E0667C2}.Release|Any CPU.Build.0 = Release|Any CPU
	EndGlobalSection
	GlobalSection(SolutionProperties) = preSolution
		HideSolutionNode = FALSE
	EndGlobalSection
EndGlobal
